Microsoft Visual Studio Solution File, Format Version 12.00
# Visual Studio 15
VisualStudioVersion = 15.0.28307.136
MinimumVisualStudioVersion = 10.0.40219.1
Project("{FAE04EC0-301F-11D3-BF4B-00C04F79EFBC}") = "POSTerminal", "POSTerminal\POSTerminal.csproj", "{FB3FA445-547F-484D-A271-BC6C092556DF}"
EndProject
Global
	GlobalSection(SolutionConfigurationPlatforms) = preSolution
		Debug|Any CPU = Debug|Any CPU
		Release|Any CPU = Release|Any CPU
	EndGlobalSection
	GlobalSection(ProjectConfigurationPlatforms) = postSolution
		{FB3FA445-547F-484D-A271-BC6C092556DF}.Debug|Any CPU.ActiveCfg = Debug|Any CPU
		{FB3FA445-547F-484D-A271-BC6C092556DF}.Debug|Any CPU.Build.0 = Debug|Any CPU
		{FB3FA445-547F-484D-A271-BC6C092556DF}.Release|Any CPU.ActiveCfg = Release|Any CPU
		{FB3FA445-547F-484D-A271-BC6C092556DF}.Release|Any CPU.Build.0 = Release|Any CPU
	EndGlobalSection
	GlobalSection(SolutionProperties) = preSolution
		HideSolutionNode = FALSE
	EndGlobalSection
	GlobalSection(ExtensibilityGlobals) = postSolution
		SolutionGuid = {0C069460-B646-4BA2-96B1-70813903C08B}
	EndGlobalSection
EndGlobal
